
Microsoft Visual Studio Solution File, Format Version 12.00
# Visual Studio 2012
Project("{FAE04EC0-301F-11D3-BF4B-00C04F79EFBC}") = "WebService", "WebService\WebService.csproj", "{EAB7F423-115E-41A4-9FF3-F6F18C5E9E28}"
EndProject
Global
	GlobalSection(SolutionConfigurationPlatforms) = preSolution
		Debug|Any CPU = Debug|Any CPU
		Release|Any CPU = Release|Any CPU
	EndGlobalSection
	GlobalSection(ProjectConfigurationPlatforms) = postSolution
		{EAB7F423-115E-41A4-9FF3-F6F18C5E9E28}.Debug|Any CPU.ActiveCfg = Debug|Any CPU
		{EAB7F423-115E-41A4-9FF3-F6F18C5E9E28}.Debug|Any CPU.Build.0 = Debug|Any CPU
		{EAB7F423-115E-41A4-9FF3-F6F18C5E9E28}.Release|Any CPU.ActiveCfg = Release|Any CPU
		{EAB7F423-115E-41A4-9FF3-F6F18C5E9E28}.Release|Any CPU.Build.0 = Release|Any CPU
	EndGlobalSection
	GlobalSection(SolutionProperties) = preSolution
		HideSolutionNode = FALSE
	EndGlobalSection
EndGlobal
